
Microsoft Visual Studio Solution File, Format Version 12.00
# Visual Studio Version 16
VisualStudioVersion = 16.0.33130.400
MinimumVisualStudioVersion = 10.0.40219.1
Project("{FAE04EC0-301F-11D3-BF4B-00C04F79EFBC}") = "cheque-sysytem", "cheque-sysytem\cheque-sysytem.csproj", "{6F59F086-AF16-46C2-A901-E8EE8F8EF67E}"
EndProject
Global
	GlobalSection(SolutionConfigurationPlatforms) = preSolution
		Debug|Any CPU = Debug|Any CPU
		Release|Any CPU = Release|Any CPU
	EndGlobalSection
	GlobalSection(ProjectConfigurationPlatforms) = postSolution
		{6F59F086-AF16-46C2-A901-E8EE8F8EF67E}.Debug|Any CPU.ActiveCfg = Debug|Any CPU
		{6F59F086-AF16-46C2-A901-E8EE8F8EF67E}.Debug|Any CPU.Build.0 = Debug|Any CPU
		{6F59F086-AF16-46C2-A901-E8EE8F8EF67E}.Release|Any CPU.ActiveCfg = Release|Any CPU
		{6F59F086-AF16-46C2-A901-E8EE8F8EF67E}.Release|Any CPU.Build.0 = Release|Any CPU
	EndGlobalSection
	GlobalSection(SolutionProperties) = preSolution
		HideSolutionNode = FALSE
	EndGlobalSection
	GlobalSection(ExtensibilityGlobals) = postSolution
		SolutionGuid = {1B48575D-A548-439B-81E4-CA662CED6DFB}
	EndGlobalSection
EndGlobal
